
Microsoft Visual Studio Solution File, Format Version 12.00
# Visual Studio 15
VisualStudioVersion = 15.0.27004.2002
MinimumVisualStudioVersion = 10.0.40219.1
Project("{FAE04EC0-301F-11D3-BF4B-00C04F79EFBC}") = "MyExecutor", "ConsoleApp1\MyExecutor.csproj", "{80CAC760-268A-46FF-ADC8-216FB3F3DE08}"
EndProject
Project("{FAE04EC0-301F-11D3-BF4B-00C04F79EFBC}") = "MyDll", "MyDll\MyDll.csproj", "{E081FCAD-85C3-4DC3-B948-8DB6881EA39E}"
EndProject
Global
	GlobalSection(SolutionConfigurationPlatforms) = preSolution
		Debug|Any CPU = Debug|Any CPU
		Release|Any CPU = Release|Any CPU
	EndGlobalSection
	GlobalSection(ProjectConfigurationPlatforms) = postSolution
		{80CAC760-268A-46FF-ADC8-216FB3F3DE08}.Debug|Any CPU.ActiveCfg = Debug|Any CPU
		{80CAC760-268A-46FF-ADC8-216FB3F3DE08}.Debug|Any CPU.Build.0 = Debug|Any CPU
		{80CAC760-268A-46FF-ADC8-216FB3F3DE08}.Release|Any CPU.ActiveCfg = Release|Any CPU
		{80CAC760-268A-46FF-ADC8-216FB3F3DE08}.Release|Any CPU.Build.0 = Release|Any CPU
		{E081FCAD-85C3-4DC3-B948-8DB6881EA39E}.Debug|Any CPU.ActiveCfg = Debug|Any CPU
		{E081FCAD-85C3-4DC3-B948-8DB6881EA39E}.Debug|Any CPU.Build.0 = Debug|Any CPU
		{E081FCAD-85C3-4DC3-B948-8DB6881EA39E}.Release|Any CPU.ActiveCfg = Release|Any CPU
		{E081FCAD-85C3-4DC3-B948-8DB6881EA39E}.Release|Any CPU.Build.0 = Release|Any CPU
	EndGlobalSection
	GlobalSection(SolutionProperties) = preSolution
		HideSolutionNode = FALSE
	EndGlobalSection
	GlobalSection(ExtensibilityGlobals) = postSolution
		SolutionGuid = {6F72C607-5598-4007-8B0F-D3496205BD0D}
	EndGlobalSection
EndGlobal
